
Microsoft Visual Studio Solution File, Format Version 12.00
# Visual Studio Version 16
VisualStudioVersion = 16.0.29920.165
MinimumVisualStudioVersion = 10.0.40219.1
Project("{FAE04EC0-301F-11D3-BF4B-00C04F79EFBC}") = "NUnitTestProject1", "NUnitTestProject1\NUnitTestProject1.csproj", "{BA488349-E799-4363-83D7-F777CB22E86A}"
EndProject
Global
	GlobalSection(SolutionConfigurationPlatforms) = preSolution
		Debug|Any CPU = Debug|Any CPU
		Release|Any CPU = Release|Any CPU
	EndGlobalSection
	GlobalSection(ProjectConfigurationPlatforms) = postSolution
		{BA488349-E799-4363-83D7-F777CB22E86A}.Debug|Any CPU.ActiveCfg = Debug|Any CPU
		{BA488349-E799-4363-83D7-F777CB22E86A}.Debug|Any CPU.Build.0 = Debug|Any CPU
		{BA488349-E799-4363-83D7-F777CB22E86A}.Release|Any CPU.ActiveCfg = Release|Any CPU
		{BA488349-E799-4363-83D7-F777CB22E86A}.Release|Any CPU.Build.0 = Release|Any CPU
	EndGlobalSection
	GlobalSection(SolutionProperties) = preSolution
		HideSolutionNode = FALSE
	EndGlobalSection
	GlobalSection(ExtensibilityGlobals) = postSolution
		SolutionGuid = {5A21ECC7-1236-4B70-ABD1-039F40DC0A77}
	EndGlobalSection
EndGlobal
